Microsoft Visual Studio Solution File, Format Version 12.00
# Visual Studio Version 17
VisualStudioVersion = 17.11.35327.3
MinimumVisualStudioVersion = 16.0.0.0
Project("{2150E333-8FDC-42A3-9474-1A3956D46DE8}") = "TabularDataReader", "TabularDataReader", "{81135EB1-F106-4880-9482-315B5C4A06E8}"
EndProject
Project("{2150E333-8FDC-42A3-9474-1A3956D46DE8}") = "Primitives", "Primitives", "{D11CD112-E5C0-4F1D-AE5D-90B64E40FC71}"
EndProject
Project("{2150E333-8FDC-42A3-9474-1A3956D46DE8}") = "NuclearEvaluation", "NuclearEvaluation", "{6B6EF2DA-420B-4261-8F5B-E439F2CED469}"
EndProject
Project("{2150E333-8FDC-42A3-9474-1A3956D46DE8}") = "NuclearEvaluation.Tests", "NuclearEvaluation.Tests", "{36E8C17C-B7EC-433F-9057-9F8579552F0C}"
EndProject
Project("{FAE04EC0-301F-11D3-BF4B-00C04F79EFBC}") = "Kerajel.TabularDataReader", "..\Kerajel.TabularDataReader\Kerajel.TabularDataReader\Kerajel.TabularDataReader.csproj", "{3F49F014-F416-4B4D-A1B4-BB55961E3736}"
EndProject
Project("{FAE04EC0-301F-11D3-BF4B-00C04F79EFBC}") = "Kerajel.Primitives", "..\Kerajel.Primitives\Kerajel.Primitives\Kerajel.Primitives\Kerajel.Primitives.csproj", "{104AF79A-809B-4725-AC75-2EBAF02232A0}"
EndProject
Project("{FAE04EC0-301F-11D3-BF4B-00C04F79EFBC}") = "Kerajel.TabularDataReader.Tests", "..\Kerajel.TabularDataReader\Kerajel.TabularDataReader.Tests\Kerajel.TabularDataReader.Tests.csproj", "{3FE1A856-0A9B-448A-9315-7AFEB6BB4F84}"
EndProject
Project("{FAE04EC0-301F-11D3-BF4B-00C04F79EFBC}") = "NuclearEvaluation.Kernel", "src\NuclearEvaluation.Kernel\NuclearEvaluation.Kernel.csproj", "{102A49BF-9753-45CB-82A2-FD7DCE25AF34}"
EndProject
Project("{FAE04EC0-301F-11D3-BF4B-00C04F79EFBC}") = "NuclearEvaluation.Server", "src\NuclearEvaluation.Server\NuclearEvaluation.Server.csproj", "{66B932E0-BB9B-4C8A-970B-5F24839A1634}"
EndProject
Project("{FAE04EC0-301F-11D3-BF4B-00C04F79EFBC}") = "NuclearEvaluation.Server.Tests", "tests\NuclearEvaluation.Server.Tests\NuclearEvaluation.Server.Tests.csproj", "{D472F804-4485-4CE4-8830-9BD86B4C3D22}"
EndProject
Project("{FAE04EC0-301F-11D3-BF4B-00C04F79EFBC}") = "NuclearEvaluation.Services.Tests", "tests\NuclearEvaluation.Services.Tests\NuclearEvaluation.Services.Tests.csproj", "{F4CF6D9E-04F7-487C-AC41-075DFA0357A6}"
EndProject
Project("{FAE04EC0-301F-11D3-BF4B-00C04F79EFBC}") = "NuclearEvaluation.PmiReportDistributionCoordinator", "src\NuclearEvaluation.PmiReportDistributionCoordinator\NuclearEvaluation.PmiReportDistributionCoordinator.csproj", "{BC28641F-9E41-45BE-9032-063D6269F7BE}"
EndProject
Global
	GlobalSection(SolutionConfigurationPlatforms) = preSolution
		Debug|Any CPU = Debug|Any CPU
		Debug|x86 = Debug|x86
		Release|Any CPU = Release|Any CPU
		Release|x86 = Release|x86
	EndGlobalSection
	GlobalSection(ProjectConfigurationPlatforms) = postSolution
		{3F49F014-F416-4B4D-A1B4-BB55961E3736}.Debug|Any CPU.ActiveCfg = Debug|Any CPU
		{3F49F014-F416-4B4D-A1B4-BB55961E3736}.Debug|Any CPU.Build.0 = Debug|Any CPU
		{3F49F014-F416-4B4D-A1B4-BB55961E3736}.Debug|x86.ActiveCfg = Debug|x86
		{3F49F014-F416-4B4D-A1B4-BB55961E3736}.Debug|x86.Build.0 = Debug|x86
		{3F49F014-F416-4B4D-A1B4-BB55961E3736}.Release|Any CPU.ActiveCfg = Release|Any CPU
		{3F49F014-F416-4B4D-A1B4-BB55961E3736}.Release|Any CPU.Build.0 = Release|Any CPU
		{3F49F014-F416-4B4D-A1B4-BB55961E3736}.Release|x86.ActiveCfg = Release|x86
		{3F49F014-F416-4B4D-A1B4-BB55961E3736}.Release|x86.Build.0 = Release|x86
		{104AF79A-809B-4725-AC75-2EBAF02232A0}.Debug|Any CPU.ActiveCfg = Debug|Any CPU
		{104AF79A-809B-4725-AC75-2EBAF02232A0}.Debug|Any CPU.Build.0 = Debug|Any CPU
		{104AF79A-809B-4725-AC75-2EBAF02232A0}.Debug|x86.ActiveCfg = Debug|x86
		{104AF79A-809B-4725-AC75-2EBAF02232A0}.Debug|x86.Build.0 = Debug|x86
		{104AF79A-809B-4725-AC75-2EBAF02232A0}.Release|Any CPU.ActiveCfg = Release|Any CPU
		{104AF79A-809B-4725-AC75-2EBAF02232A0}.Release|Any CPU.Build.0 = Release|Any CPU
		{104AF79A-809B-4725-AC75-2EBAF02232A0}.Release|x86.ActiveCfg = Release|x86
		{104AF79A-809B-4725-AC75-2EBAF02232A0}.Release|x86.Build.0 = Release|x86
		{3FE1A856-0A9B-448A-9315-7AFEB6BB4F84}.Debug|Any CPU.ActiveCfg = Debug|Any CPU
		{3FE1A856-0A9B-448A-9315-7AFEB6BB4F84}.Debug|Any CPU.Build.0 = Debug|Any CPU
		{3FE1A856-0A9B-448A-9315-7AFEB6BB4F84}.Debug|x86.ActiveCfg = Debug|x86
		{3FE1A856-0A9B-448A-9315-7AFEB6BB4F84}.Debug|x86.Build.0 = Debug|x86
		{3FE1A856-0A9B-448A-9315-7AFEB6BB4F84}.Release|Any CPU.ActiveCfg = Release|Any CPU
		{3FE1A856-0A9B-448A-9315-7AFEB6BB4F84}.Release|Any CPU.Build.0 = Release|Any CPU
		{3FE1A856-0A9B-448A-9315-7AFEB6BB4F84}.Release|x86.ActiveCfg = Release|x86
		{3FE1A856-0A9B-448A-9315-7AFEB6BB4F84}.Release|x86.Build.0 = Release|x86
		{102A49BF-9753-45CB-82A2-FD7DCE25AF34}.Debug|Any CPU.ActiveCfg = Debug|Any CPU
		{102A49BF-9753-45CB-82A2-FD7DCE25AF34}.Debug|Any CPU.Build.0 = Debug|Any CPU
		{102A49BF-9753-45CB-82A2-FD7DCE25AF34}.Debug|x86.ActiveCfg = Debug|Any CPU
		{102A49BF-9753-45CB-82A2-FD7DCE25AF34}.Debug|x86.Build.0 = Debug|Any CPU
		{102A49BF-9753-45CB-82A2-FD7DCE25AF34}.Release|Any CPU.ActiveCfg = Release|Any CPU
		{102A49BF-9753-45CB-82A2-FD7DCE25AF34}.Release|Any CPU.Build.0 = Release|Any CPU
		{102A49BF-9753-45CB-82A2-FD7DCE25AF34}.Release|x86.ActiveCfg = Release|Any CPU
		{102A49BF-9753-45CB-82A2-FD7DCE25AF34}.Release|x86.Build.0 = Release|Any CPU
		{66B932E0-BB9B-4C8A-970B-5F24839A1634}.Debug|Any CPU.ActiveCfg = Debug|Any CPU
		{66B932E0-BB9B-4C8A-970B-5F24839A1634}.Debug|Any CPU.Build.0 = Debug|Any CPU
		{66B932E0-BB9B-4C8A-970B-5F24839A1634}.Debug|x86.ActiveCfg = Debug|Any CPU
		{66B932E0-BB9B-4C8A-970B-5F24839A1634}.Debug|x86.Build.0 = Debug|Any CPU
		{66B932E0-BB9B-4C8A-970B-5F24839A1634}.Release|Any CPU.ActiveCfg = Release|Any CPU
		{66B932E0-BB9B-4C8A-970B-5F24839A1634}.Release|Any CPU.Build.0 = Release|Any CPU
		{66B932E0-BB9B-4C8A-970B-5F24839A1634}.Release|x86.ActiveCfg = Release|Any CPU
		{66B932E0-BB9B-4C8A-970B-5F24839A1634}.Release|x86.Build.0 = Release|Any CPU
		{D472F804-4485-4CE4-8830-9BD86B4C3D22}.Debug|Any CPU.ActiveCfg = Debug|Any CPU
		{D472F804-4485-4CE4-8830-9BD86B4C3D22}.Debug|Any CPU.Build.0 = Debug|Any CPU
		{D472F804-4485-4CE4-8830-9BD86B4C3D22}.Debug|x86.ActiveCfg = Debug|x86
		{D472F804-4485-4CE4-8830-9BD86B4C3D22}.Debug|x86.Build.0 = Debug|x86
		{D472F804-4485-4CE4-8830-9BD86B4C3D22}.Release|Any CPU.ActiveCfg = Release|Any CPU
		{D472F804-4485-4CE4-8830-9BD86B4C3D22}.Release|Any CPU.Build.0 = Release|Any CPU
		{D472F804-4485-4CE4-8830-9BD86B4C3D22}.Release|x86.ActiveCfg = Release|x86
		{D472F804-4485-4CE4-8830-9BD86B4C3D22}.Release|x86.Build.0 = Release|x86
		{F4CF6D9E-04F7-487C-AC41-075DFA0357A6}.Debug|Any CPU.ActiveCfg = Debug|Any CPU
		{F4CF6D9E-04F7-487C-AC41-075DFA0357A6}.Debug|Any CPU.Build.0 = Debug|Any CPU
		{F4CF6D9E-04F7-487C-AC41-075DFA0357A6}.Debug|x86.ActiveCfg = Debug|Any CPU
		{F4CF6D9E-04F7-487C-AC41-075DFA0357A6}.Debug|x86.Build.0 = Debug|Any CPU
		{F4CF6D9E-04F7-487C-AC41-075DFA0357A6}.Release|Any CPU.ActiveCfg = Release|Any CPU
		{F4CF6D9E-04F7-487C-AC41-075DFA0357A6}.Release|Any CPU.Build.0 = Release|Any CPU
		{F4CF6D9E-04F7-487C-AC41-075DFA0357A6}.Release|x86.ActiveCfg = Release|Any CPU
		{F4CF6D9E-04F7-487C-AC41-075DFA0357A6}.Release|x86.Build.0 = Release|Any CPU
		{BC28641F-9E41-45BE-9032-063D6269F7BE}.Debug|Any CPU.ActiveCfg = Debug|Any CPU
		{BC28641F-9E41-45BE-9032-063D6269F7BE}.Debug|Any CPU.Build.0 = Debug|Any CPU
		{BC28641F-9E41-45BE-9032-063D6269F7BE}.Debug|x86.ActiveCfg = Debug|Any CPU
		{BC28641F-9E41-45BE-9032-063D6269F7BE}.Debug|x86.Build.0 = Debug|Any CPU
		{BC28641F-9E41-45BE-9032-063D6269F7BE}.Release|Any CPU.ActiveCfg = Release|Any CPU
		{BC28641F-9E41-45BE-9032-063D6269F7BE}.Release|Any CPU.Build.0 = Release|Any CPU
		{BC28641F-9E41-45BE-9032-063D6269F7BE}.Release|x86.ActiveCfg = Release|Any CPU
		{BC28641F-9E41-45BE-9032-063D6269F7BE}.Release|x86.Build.0 = Release|Any CPU
	EndGlobalSection
	GlobalSection(SolutionProperties) = preSolution
		HideSolutionNode = FALSE
	EndGlobalSection
	GlobalSection(NestedProjects) = preSolution
		{3F49F014-F416-4B4D-A1B4-BB55961E3736} = {81135EB1-F106-4880-9482-315B5C4A06E8}
		{104AF79A-809B-4725-AC75-2EBAF02232A0} = {D11CD112-E5C0-4F1D-AE5D-90B64E40FC71}
		{3FE1A856-0A9B-448A-9315-7AFEB6BB4F84} = {81135EB1-F106-4880-9482-315B5C4A06E8}
		{102A49BF-9753-45CB-82A2-FD7DCE25AF34} = {6B6EF2DA-420B-4261-8F5B-E439F2CED469}
		{66B932E0-BB9B-4C8A-970B-5F24839A1634} = {6B6EF2DA-420B-4261-8F5B-E439F2CED469}
		{D472F804-4485-4CE4-8830-9BD86B4C3D22} = {36E8C17C-B7EC-433F-9057-9F8579552F0C}
		{F4CF6D9E-04F7-487C-AC41-075DFA0357A6} = {36E8C17C-B7EC-433F-9057-9F8579552F0C}
		{BC28641F-9E41-45BE-9032-063D6269F7BE} = {6B6EF2DA-420B-4261-8F5B-E439F2CED469}
	EndGlobalSection
	GlobalSection(ExtensibilityGlobals) = postSolution
		SolutionGuid = {F8932A31-767B-408F-B07D-11CA303341BC}
	EndGlobalSection
EndGlobal
