Microsoft Visual Studio Solution File, Format Version 12.00
# Visual Studio Version 17
VisualStudioVersion = 17.11.35327.3
MinimumVisualStudioVersion = 16.0.0.0
Project("{9A19103F-16F7-4668-BE54-9A1E7A4F7556}") = "NuclearEvaluation.Server", "NuclearEvaluation.Server\NuclearEvaluation.Server.csproj", "{300B1237-C459-4746-B0FF-4BA89964DA72}"
EndProject
Project("{FAE04EC0-301F-11D3-BF4B-00C04F79EFBC}") = "NuclearEvaluation.Kernel", "NuclearEvaluation.Kernel\NuclearEvaluation.Kernel.csproj", "{28D4EC07-77B9-4FD0-BD52-ED38FEF89B04}"
EndProject
Project("{FAE04EC0-301F-11D3-BF4B-00C04F79EFBC}") = "NuclearEvaluation.SharedServices", "NuclearEvaluation.SharedServices\NuclearEvaluation.SharedServices.csproj", "{5061DFC0-7F16-43E2-8A19-88380C904600}"
EndProject
Project("{FAE04EC0-301F-11D3-BF4B-00C04F79EFBC}") = "NuclearEvaluation.SharedServices.Tests", "NuclearEvaluation.SharedServices.Tests\NuclearEvaluation.SharedServices.Tests.csproj", "{BFCCC011-AF3D-4854-9285-2CC0C5A79E36}"
EndProject
Project("{2150E333-8FDC-42A3-9474-1A3956D46DE8}") = "TabularDataReader", "TabularDataReader", "{81135EB1-F106-4880-9482-315B5C4A06E8}"
EndProject
Project("{2150E333-8FDC-42A3-9474-1A3956D46DE8}") = "Primitives", "Primitives", "{D11CD112-E5C0-4F1D-AE5D-90B64E40FC71}"
EndProject
Project("{2150E333-8FDC-42A3-9474-1A3956D46DE8}") = "NuclearEvaluation", "NuclearEvaluation", "{6B6EF2DA-420B-4261-8F5B-E439F2CED469}"
EndProject
Project("{2150E333-8FDC-42A3-9474-1A3956D46DE8}") = "NuclearEvaluation.Tests", "NuclearEvaluation.Tests", "{36E8C17C-B7EC-433F-9057-9F8579552F0C}"
EndProject
Project("{FAE04EC0-301F-11D3-BF4B-00C04F79EFBC}") = "Kerajel.TabularDataReader", "..\Kerajel.TabularDataReader\Kerajel.TabularDataReader\Kerajel.TabularDataReader.csproj", "{3F49F014-F416-4B4D-A1B4-BB55961E3736}"
EndProject
Project("{FAE04EC0-301F-11D3-BF4B-00C04F79EFBC}") = "Kerajel.Primitives", "..\Kerajel.Primitives\Kerajel.Primitives\Kerajel.Primitives\Kerajel.Primitives.csproj", "{104AF79A-809B-4725-AC75-2EBAF02232A0}"
EndProject
Project("{FAE04EC0-301F-11D3-BF4B-00C04F79EFBC}") = "NuclearEvaluation.Server.Tests", "NuclearEvaluation.Server.Tests\NuclearEvaluation.Server.Tests.csproj", "{68F23F6D-936A-4C17-9122-63736736E717}"
EndProject
Project("{FAE04EC0-301F-11D3-BF4B-00C04F79EFBC}") = "Kerajel.TabularDataReader.Tests", "..\Kerajel.TabularDataReader\Kerajel.TabularDataReader.Tests\Kerajel.TabularDataReader.Tests.csproj", "{3FE1A856-0A9B-448A-9315-7AFEB6BB4F84}"
EndProject
Global
	GlobalSection(SolutionConfigurationPlatforms) = preSolution
		Debug|Any CPU = Debug|Any CPU
		Debug|x86 = Debug|x86
		Release|Any CPU = Release|Any CPU
		Release|x86 = Release|x86
	EndGlobalSection
	GlobalSection(ProjectConfigurationPlatforms) = postSolution
		{300B1237-C459-4746-B0FF-4BA89964DA72}.Debug|Any CPU.ActiveCfg = Debug|Any CPU
		{300B1237-C459-4746-B0FF-4BA89964DA72}.Debug|Any CPU.Build.0 = Debug|Any CPU
		{300B1237-C459-4746-B0FF-4BA89964DA72}.Debug|x86.ActiveCfg = Debug|x86
		{300B1237-C459-4746-B0FF-4BA89964DA72}.Debug|x86.Build.0 = Debug|x86
		{300B1237-C459-4746-B0FF-4BA89964DA72}.Release|Any CPU.ActiveCfg = Release|Any CPU
		{300B1237-C459-4746-B0FF-4BA89964DA72}.Release|Any CPU.Build.0 = Release|Any CPU
		{300B1237-C459-4746-B0FF-4BA89964DA72}.Release|x86.ActiveCfg = Release|Any CPU
		{300B1237-C459-4746-B0FF-4BA89964DA72}.Release|x86.Build.0 = Release|Any CPU
		{28D4EC07-77B9-4FD0-BD52-ED38FEF89B04}.Debug|Any CPU.ActiveCfg = Debug|Any CPU
		{28D4EC07-77B9-4FD0-BD52-ED38FEF89B04}.Debug|Any CPU.Build.0 = Debug|Any CPU
		{28D4EC07-77B9-4FD0-BD52-ED38FEF89B04}.Debug|x86.ActiveCfg = Debug|x86
		{28D4EC07-77B9-4FD0-BD52-ED38FEF89B04}.Debug|x86.Build.0 = Debug|x86
		{28D4EC07-77B9-4FD0-BD52-ED38FEF89B04}.Release|Any CPU.ActiveCfg = Release|Any CPU
		{28D4EC07-77B9-4FD0-BD52-ED38FEF89B04}.Release|Any CPU.Build.0 = Release|Any CPU
		{28D4EC07-77B9-4FD0-BD52-ED38FEF89B04}.Release|x86.ActiveCfg = Release|x86
		{28D4EC07-77B9-4FD0-BD52-ED38FEF89B04}.Release|x86.Build.0 = Release|x86
		{5061DFC0-7F16-43E2-8A19-88380C904600}.Debug|Any CPU.ActiveCfg = Debug|Any CPU
		{5061DFC0-7F16-43E2-8A19-88380C904600}.Debug|Any CPU.Build.0 = Debug|Any CPU
		{5061DFC0-7F16-43E2-8A19-88380C904600}.Debug|x86.ActiveCfg = Debug|x86
		{5061DFC0-7F16-43E2-8A19-88380C904600}.Debug|x86.Build.0 = Debug|x86
		{5061DFC0-7F16-43E2-8A19-88380C904600}.Release|Any CPU.ActiveCfg = Release|Any CPU
		{5061DFC0-7F16-43E2-8A19-88380C904600}.Release|Any CPU.Build.0 = Release|Any CPU
		{5061DFC0-7F16-43E2-8A19-88380C904600}.Release|x86.ActiveCfg = Release|Any CPU
		{5061DFC0-7F16-43E2-8A19-88380C904600}.Release|x86.Build.0 = Release|Any CPU
		{BFCCC011-AF3D-4854-9285-2CC0C5A79E36}.Debug|Any CPU.ActiveCfg = Debug|Any CPU
		{BFCCC011-AF3D-4854-9285-2CC0C5A79E36}.Debug|Any CPU.Build.0 = Debug|Any CPU
		{BFCCC011-AF3D-4854-9285-2CC0C5A79E36}.Debug|x86.ActiveCfg = Debug|Any CPU
		{BFCCC011-AF3D-4854-9285-2CC0C5A79E36}.Debug|x86.Build.0 = Debug|Any CPU
		{BFCCC011-AF3D-4854-9285-2CC0C5A79E36}.Release|Any CPU.ActiveCfg = Release|Any CPU
		{BFCCC011-AF3D-4854-9285-2CC0C5A79E36}.Release|Any CPU.Build.0 = Release|Any CPU
		{BFCCC011-AF3D-4854-9285-2CC0C5A79E36}.Release|x86.ActiveCfg = Release|Any CPU
		{BFCCC011-AF3D-4854-9285-2CC0C5A79E36}.Release|x86.Build.0 = Release|Any CPU
		{3F49F014-F416-4B4D-A1B4-BB55961E3736}.Debug|Any CPU.ActiveCfg = Debug|Any CPU
		{3F49F014-F416-4B4D-A1B4-BB55961E3736}.Debug|Any CPU.Build.0 = Debug|Any CPU
		{3F49F014-F416-4B4D-A1B4-BB55961E3736}.Debug|x86.ActiveCfg = Debug|x86
		{3F49F014-F416-4B4D-A1B4-BB55961E3736}.Debug|x86.Build.0 = Debug|x86
		{3F49F014-F416-4B4D-A1B4-BB55961E3736}.Release|Any CPU.ActiveCfg = Release|Any CPU
		{3F49F014-F416-4B4D-A1B4-BB55961E3736}.Release|Any CPU.Build.0 = Release|Any CPU
		{3F49F014-F416-4B4D-A1B4-BB55961E3736}.Release|x86.ActiveCfg = Release|x86
		{3F49F014-F416-4B4D-A1B4-BB55961E3736}.Release|x86.Build.0 = Release|x86
		{104AF79A-809B-4725-AC75-2EBAF02232A0}.Debug|Any CPU.ActiveCfg = Debug|Any CPU
		{104AF79A-809B-4725-AC75-2EBAF02232A0}.Debug|Any CPU.Build.0 = Debug|Any CPU
		{104AF79A-809B-4725-AC75-2EBAF02232A0}.Debug|x86.ActiveCfg = Debug|x86
		{104AF79A-809B-4725-AC75-2EBAF02232A0}.Debug|x86.Build.0 = Debug|x86
		{104AF79A-809B-4725-AC75-2EBAF02232A0}.Release|Any CPU.ActiveCfg = Release|Any CPU
		{104AF79A-809B-4725-AC75-2EBAF02232A0}.Release|Any CPU.Build.0 = Release|Any CPU
		{104AF79A-809B-4725-AC75-2EBAF02232A0}.Release|x86.ActiveCfg = Release|x86
		{104AF79A-809B-4725-AC75-2EBAF02232A0}.Release|x86.Build.0 = Release|x86
		{68F23F6D-936A-4C17-9122-63736736E717}.Debug|Any CPU.ActiveCfg = Debug|Any CPU
		{68F23F6D-936A-4C17-9122-63736736E717}.Debug|Any CPU.Build.0 = Debug|Any CPU
		{68F23F6D-936A-4C17-9122-63736736E717}.Debug|x86.ActiveCfg = Debug|x86
		{68F23F6D-936A-4C17-9122-63736736E717}.Debug|x86.Build.0 = Debug|x86
		{68F23F6D-936A-4C17-9122-63736736E717}.Release|Any CPU.ActiveCfg = Release|Any CPU
		{68F23F6D-936A-4C17-9122-63736736E717}.Release|Any CPU.Build.0 = Release|Any CPU
		{68F23F6D-936A-4C17-9122-63736736E717}.Release|x86.ActiveCfg = Release|x86
		{68F23F6D-936A-4C17-9122-63736736E717}.Release|x86.Build.0 = Release|x86
		{3FE1A856-0A9B-448A-9315-7AFEB6BB4F84}.Debug|Any CPU.ActiveCfg = Debug|Any CPU
		{3FE1A856-0A9B-448A-9315-7AFEB6BB4F84}.Debug|Any CPU.Build.0 = Debug|Any CPU
		{3FE1A856-0A9B-448A-9315-7AFEB6BB4F84}.Debug|x86.ActiveCfg = Debug|x86
		{3FE1A856-0A9B-448A-9315-7AFEB6BB4F84}.Debug|x86.Build.0 = Debug|x86
		{3FE1A856-0A9B-448A-9315-7AFEB6BB4F84}.Release|Any CPU.ActiveCfg = Release|Any CPU
		{3FE1A856-0A9B-448A-9315-7AFEB6BB4F84}.Release|Any CPU.Build.0 = Release|Any CPU
		{3FE1A856-0A9B-448A-9315-7AFEB6BB4F84}.Release|x86.ActiveCfg = Release|x86
		{3FE1A856-0A9B-448A-9315-7AFEB6BB4F84}.Release|x86.Build.0 = Release|x86
	EndGlobalSection
	GlobalSection(SolutionProperties) = preSolution
		HideSolutionNode = FALSE
	EndGlobalSection
	GlobalSection(NestedProjects) = preSolution
		{300B1237-C459-4746-B0FF-4BA89964DA72} = {6B6EF2DA-420B-4261-8F5B-E439F2CED469}
		{28D4EC07-77B9-4FD0-BD52-ED38FEF89B04} = {6B6EF2DA-420B-4261-8F5B-E439F2CED469}
		{5061DFC0-7F16-43E2-8A19-88380C904600} = {6B6EF2DA-420B-4261-8F5B-E439F2CED469}
		{BFCCC011-AF3D-4854-9285-2CC0C5A79E36} = {36E8C17C-B7EC-433F-9057-9F8579552F0C}
		{3F49F014-F416-4B4D-A1B4-BB55961E3736} = {81135EB1-F106-4880-9482-315B5C4A06E8}
		{104AF79A-809B-4725-AC75-2EBAF02232A0} = {D11CD112-E5C0-4F1D-AE5D-90B64E40FC71}
		{68F23F6D-936A-4C17-9122-63736736E717} = {36E8C17C-B7EC-433F-9057-9F8579552F0C}
		{3FE1A856-0A9B-448A-9315-7AFEB6BB4F84} = {81135EB1-F106-4880-9482-315B5C4A06E8}
	EndGlobalSection
	GlobalSection(ExtensibilityGlobals) = postSolution
		SolutionGuid = {F8932A31-767B-408F-B07D-11CA303341BC}
	EndGlobalSection
EndGlobal
